<Solution>
  <Project Path="Core/Core.csproj" />
  <Project Path="DeliFitWeb/DeliFitWeb.csproj" />
  <Project Path="DeliFitWebTests/DeliFitWebTests.csproj" Id="a8a8b37d-d966-4163-be92-8f33969eda3d" />
  <Project Path="Service/Service.csproj" />
  <Project Path="ServiceTests/ServiceTests.csproj" Id="6ac54be2-5196-4f13-8db1-05c87c3d43a7" />
</Solution>
